{
    "_meta": {
        "hash": {
            "sha256": "e2469119c526a105bd0e7a1320f888329c94d2ebfd3df69cd7c477018b2e863c"
        },
        "pipfile-spec": 6,
        "requires": {
            "python_version": "3.8"
        },
        "sources": [
            {
                "name": "pypi",
                "url": "https://pypi.org/simple",
                "verify_ssl": true
            }
        ]
    },
    "default": {
        "ask-sdk-core": {
            "hashes": [
                "sha256:3b4a392f5922455242e842885f52105e5483da7c8ab3792982b25235b6ea9cdc",
                "sha256:5403cb0a6ca1c3106a509f5934ff1eec7144331d45de412ad382ce7df133790a"
            ],
            "index": "pypi",
            "version": "==1.13.0"
        },
        "ask-sdk-model": {
            "hashes": [
                "sha256:1034efef41b2132bcbb528ee73c27cc06a1da7b93df9499543ee1b8a32d990d1",
                "sha256:b6a11d2fe6ef8001488a0e06aba07ce25515e9f851a10814f1048bf66fda3b75"
            ],
            "version": "==1.23.0"
        },
        "ask-sdk-runtime": {
            "hashes": [
                "sha256:20001c5f1eeb087bb09a8b9d2b2fa7bf1ce326b86f8b45086b19b59163d25628",
                "sha256:f10cfa0ae72d3b1649c531e24c4d0267ff9adb769e978db49dbe72536dc8ec1d"
            ],
            "version": "==1.13.0"
        },
        "certifi": {
            "hashes": [
                "sha256:1d987a998c75633c40847cc966fcf5904906c920a7f17ef374f5aa4282abd304",
                "sha256:51fcb31174be6e6664c5f69e3e1691a2d72a1a12e90f872cbdb1567eb47b6519"
            ],
            "version": "==2020.4.5.1"
        },
        "chardet": {
            "hashes": [
                "sha256:84ab92ed1c4d4f16916e05906b6b75a6c0fb5db821cc65e70cbd64a3e2a5eaae",
                "sha256:fc323ffcaeaed0e0a02bf4d117757b98aed530d9ed4531e3e15460124c106691"
            ],
            "version": "==3.0.4"
        },
        "fuzzywuzzy": {
            "hashes": [
                "sha256:45016e92264780e58972dca1b3d939ac864b78437422beecebb3095f8efd00e8",
                "sha256:928244b28db720d1e0ee7587acf660ea49d7e4c632569cad4f1cd7e68a5f0993"
            ],
            "index": "pypi",
            "version": "==0.18.0"
        },
        "httplib2": {
            "hashes": [
                "sha256:39dd15a333f67bfb70798faa9de8a6e99c819da6ad82b77f9a259a5c7b1225a2",
                "sha256:6d9722decd2deacd486ef10c5dd5e2f120ca3ba8736842b90509afcdc16488b1"
            ],
            "version": "==0.17.3"
        },
        "idna": {
            "hashes": [
                "sha256:7588d1c14ae4c77d74036e8c22ff447b26d0fde8f007354fd48a7814db15b7cb",
                "sha256:a068a21ceac8a4d63dbfd964670474107f541babbd2250d61922f029858365fa"
            ],
            "version": "==2.9"
        },
        "oauth2client": {
            "hashes": [
                "sha256:b8a81cc5d60e2d364f0b1b98f958dbd472887acaf1a5b05e21c28c31a2d6d3ac",
                "sha256:d486741e451287f69568a4d26d70d9acd73a2bbfa275746c535b4209891cccc6"
            ],
            "index": "pypi",
            "version": "==4.1.3"
        },
        "pyasn1": {
            "hashes": [
                "sha256:39c7e2ec30515947ff4e87fb6f456dfc6e84857d34be479c9d4a4ba4bf46aa5d",
                "sha256:aef77c9fb94a3ac588e87841208bdec464471d9871bd5050a287cc9a475cd0ba"
            ],
            "version": "==0.4.8"
        },
        "pyasn1-modules": {
            "hashes": [
                "sha256:905f84c712230b2c592c19470d3ca8d552de726050d1d1716282a1f6146be65e",
                "sha256:a50b808ffeb97cb3601dd25981f6b016cbb3d31fbf57a8b8a87428e6158d0c74"
            ],
            "version": "==0.2.8"
        },
        "python-dateutil": {
            "hashes": [
                "sha256:73ebfe9dbf22e832286dafa60473e4cd239f8592f699aa5adaf10050e6e1823c",
                "sha256:75bb3f31ea686f1197762692a9ee6a7550b59fc6ca3a1f4b5d7e32fb98e2da2a"
            ],
            "version": "==2.8.1"
        },
        "pytube3": {
            "hashes": [
                "sha256:98ae480a2d637572582e5c8b2e90fb7495f6d3a56daaffa7b2055113380f7d61",
                "sha256:a02694b097c897a2afc68777e142a3d5268046960d01d4e01ac0584fda4499b1"
            ],
            "index": "pypi",
            "version": "==9.6.4"
        },
        "requests": {
            "hashes": [
                "sha256:43999036bfa82904b6af1d99e4882b560e5e2c68e5c4b0aa03b655f3d7d73fee",
                "sha256:b3f43d496c6daba4493e7c431722aeb7dbc6288f52a6e04e7b6023b0247817e6"
            ],
            "index": "pypi",
            "version": "==2.23.0"
        },
        "rsa": {
            "hashes": [
                "sha256:14ba45700ff1ec9eeb206a2ce76b32814958a98e372006c8fb76ba820211be66",
                "sha256:1a836406405730121ae9823e19c6e806c62bbad73f890574fff50efa4122c487"
            ],
            "version": "==4.0"
        },
        "six": {
            "hashes": [
                "sha256:236bdbdce46e6e6a3d61a337c0f8b763ca1e8717c03b369e87a7ec7ce1319c0a",
                "sha256:8f3cd2e254d8f793e7f3d6d9df77b92252b52637291d0f0da013c76ea2724b6c"
            ],
            "version": "==1.14.0"
        },
        "typing-extensions": {
            "hashes": [
                "sha256:6e95524d8a547a91e08f404ae485bbb71962de46967e1b71a0cb89af24e761c5",
                "sha256:79ee589a3caca649a9bfd2a8de4709837400dfa00b6cc81962a1e6a1815969ae",
                "sha256:f8d2bd89d25bc39dabe7d23df520442fa1d8969b82544370e03d88b5a591c392"
            ],
            "version": "==3.7.4.2"
        },
        "urllib3": {
            "hashes": [
                "sha256:3018294ebefce6572a474f0604c2021e33b3fd8006ecd11d62107a5d2a963527",
                "sha256:88206b0eb87e6d677d424843ac5209e3fb9d0190d0ee169599165ec25e9d9115"
            ],
            "version": "==1.25.9"
        },
        "youtube-dl": {
            "hashes": [
                "sha256:4b03efe439f7cae26eba909821d1df00a9a4eb82741cb2e8b78fe29702bd4633",
                "sha256:c0be39ea9bca72fa02a0d2d043c5e9bd8ea8e0fe79705e891161d6fcd29da59e"
            ],
            "index": "pypi",
            "version": "==2020.3.24"
        }
    },
    "develop": {}
}
